
Microsoft Visual Studio Solution File, Format Version 12.00
# Visual Studio Version 17
VisualStudioVersion = 17.12.35707.178
MinimumVisualStudioVersion = 10.0.40219.1
Project("{FAE04EC0-301F-11D3-BF4B-00C04F79EFBC}") = "OrderService", "OrderService\OrderService.csproj", "{00E85CDC-1D99-43E2-87FB-DF2746A948C3}"
EndProject
Project("{FAE04EC0-301F-11D3-BF4B-00C04F79EFBC}") = "Common", "Common\Common.csproj", "{21BD0490-ADD1-433F-8528-3EF064F7C25E}"
EndProject
Project("{FAE04EC0-301F-11D3-BF4B-00C04F79EFBC}") = "ProductService", "ProductService\ProductService.csproj", "{196CA4BA-8AF8-4370-AD47-60D07141385C}"
EndProject
Global
	GlobalSection(SolutionConfigurationPlatforms) = preSolution
		Debug|Any CPU = Debug|Any CPU
		Release|Any CPU = Release|Any CPU
	EndGlobalSection
	GlobalSection(ProjectConfigurationPlatforms) = postSolution
		{00E85CDC-1D99-43E2-87FB-DF2746A948C3}.Debug|Any CPU.ActiveCfg = Debug|Any CPU
		{00E85CDC-1D99-43E2-87FB-DF2746A948C3}.Debug|Any CPU.Build.0 = Debug|Any CPU
		{00E85CDC-1D99-43E2-87FB-DF2746A948C3}.Release|Any CPU.ActiveCfg = Release|Any CPU
		{00E85CDC-1D99-43E2-87FB-DF2746A948C3}.Release|Any CPU.Build.0 = Release|Any CPU
		{21BD0490-ADD1-433F-8528-3EF064F7C25E}.Debug|Any CPU.ActiveCfg = Debug|Any CPU
		{21BD0490-ADD1-433F-8528-3EF064F7C25E}.Debug|Any CPU.Build.0 = Debug|Any CPU
		{21BD0490-ADD1-433F-8528-3EF064F7C25E}.Release|Any CPU.ActiveCfg = Release|Any CPU
		{21BD0490-ADD1-433F-8528-3EF064F7C25E}.Release|Any CPU.Build.0 = Release|Any CPU
		{196CA4BA-8AF8-4370-AD47-60D07141385C}.Debug|Any CPU.ActiveCfg = Debug|Any CPU
		{196CA4BA-8AF8-4370-AD47-60D07141385C}.Debug|Any CPU.Build.0 = Debug|Any CPU
		{196CA4BA-8AF8-4370-AD47-60D07141385C}.Release|Any CPU.ActiveCfg = Release|Any CPU
		{196CA4BA-8AF8-4370-AD47-60D07141385C}.Release|Any CPU.Build.0 = Release|Any CPU
	EndGlobalSection
	GlobalSection(SolutionProperties) = preSolution
		HideSolutionNode = FALSE
	EndGlobalSection
EndGlobal
